// !$*UTF8*$!
{
	archiveVersion = 1;
	classes = {
	};
	objectVersion = 50;
	objects = {

/* Begin PBXBuildFile section */
		FD88683A24A4D3B20013BD57 /* AppDelegate.swift in Sources */ = {isa = PBXBuildFile; fileRef = FD88683924A4D3B20013BD57 /* AppDelegate.swift */; };
		FD88683C24A4D3B20013BD57 /* SceneDelegate.swift in Sources */ = {isa = PBXBuildFile; fileRef = FD88683B24A4D3B20013BD57 /* SceneDelegate.swift */; };
		FD88683E24A4D3B20013BD57 /* SearchUserViewController.swift in Sources */ = {isa = PBXBuildFile; fileRef = FD88683D24A4D3B20013BD57 /* SearchUserViewController.swift */; };
		FD88684124A4D3B20013BD57 /* SearchUser.storyboard in Resources */ = {isa = PBXBuildFile; fileRef = FD88683F24A4D3B20013BD57 /* SearchUser.storyboard */; };
		FD88684324A4D3BB0013BD57 /* Assets.xcassets in Resources */ = {isa = PBXBuildFile; fileRef = FD88684224A4D3BB0013BD57 /* Assets.xcassets */; };
		FD88684624A4D3BB0013BD57 /* LaunchScreen.storyboard in Resources */ = {isa = PBXBuildFile; fileRef = FD88684424A4D3BB0013BD57 /* LaunchScreen.storyboard */; };
		FD88684F24A4D7430013BD57 /* SearchUserModel.swift in Sources */ = {isa = PBXBuildFile; fileRef = FD88684E24A4D7430013BD57 /* SearchUserModel.swift */; };
/* End PBXBuildFile section */

/* Begin PBXFileReference section */
		FD88683624A4D3B20013BD57 /* MVP.app */ = {isa = PBXFileReference; explicitFileType = wrapper.application; includeInIndex = 0; path = MVP.app; sourceTree = BUILT_PRODUCTS_DIR; };
		FD88683924A4D3B20013BD57 /* AppDelegate.swift */ = {isa = PBXFileReference; lastKnownFileType = sourcecode.swift; path = AppDelegate.swift; sourceTree = "<group>"; };
		FD88683B24A4D3B20013BD57 /* SceneDelegate.swift */ = {isa = PBXFileReference; lastKnownFileType = sourcecode.swift; path = SceneDelegate.swift; sourceTree = "<group>"; };
		FD88683D24A4D3B20013BD57 /* SearchUserViewController.swift */ = {isa = PBXFileReference; lastKnownFileType = sourcecode.swift; path = SearchUserViewController.swift; sourceTree = "<group>"; };
		FD88684024A4D3B20013BD57 /* Base */ = {isa = PBXFileReference; lastKnownFileType = file.storyboard; name = Base; path = Base.lproj/SearchUser.storyboard; sourceTree = "<group>"; };
		FD88684224A4D3BB0013BD57 /* Assets.xcassets */ = {isa = PBXFileReference; lastKnownFileType = folder.assetcatalog; path = Assets.xcassets; sourceTree = "<group>"; };
		FD88684524A4D3BB0013BD57 /* Base */ = {isa = PBXFileReference; lastKnownFileType = file.storyboard; name = Base; path = Base.lproj/LaunchScreen.storyboard; sourceTree = "<group>"; };
		FD88684724A4D3BB0013BD57 /* Info.plist */ = {isa = PBXFileReference; lastKnownFileType = text.plist.xml; path = Info.plist; sourceTree = "<group>"; };
		FD88684E24A4D7430013BD57 /* SearchUserModel.swift */ = {isa = PBXFileReference; lastKnownFileType = sourcecode.swift; path = SearchUserModel.swift; sourceTree = "<group>"; };
/* End PBXFileReference section */

/* Begin PBXFrameworksBuildPhase section */
		FD88683324A4D3B20013BD57 /* Frameworks */ = {
			isa = PBXFrameworksBuildPhase;
			buildActionMask = 2147483647;
			files = (
			);
			runOnlyForDeploymentPostprocessing = 0;
		};
/* End PBXFrameworksBuildPhase section */

/* Begin PBXGroup section */
		FD3AD47924BC892500556B8B /* Frameworks */ = {
			isa = PBXGroup;
			children = (
			);
			name = Frameworks;
			sourceTree = "<group>";
		};
		FD88682D24A4D3B20013BD57 = {
			isa = PBXGroup;
			children = (
				FD88683824A4D3B20013BD57 /* MVP */,
				FD88683724A4D3B20013BD57 /* Products */,
				FD3AD47924BC892500556B8B /* Frameworks */,
			);
			sourceTree = "<group>";
		};
		FD88683724A4D3B20013BD57 /* Products */ = {
			isa = PBXGroup;
			children = (
				FD88683624A4D3B20013BD57 /* MVP.app */,
			);
			name = Products;
			sourceTree = "<group>";
		};
		FD88683824A4D3B20013BD57 /* MVP */ = {
			isa = PBXGroup;
			children = (
				FD88683924A4D3B20013BD57 /* AppDelegate.swift */,
				FD88683B24A4D3B20013BD57 /* SceneDelegate.swift */,
				FD88684D24A4D4580013BD57 /* SearchUser */,
				FD88684224A4D3BB0013BD57 /* Assets.xcassets */,
				FD88684424A4D3BB0013BD57 /* LaunchScreen.storyboard */,
				FD88684724A4D3BB0013BD57 /* Info.plist */,
			);
			path = MVP;
			sourceTree = "<group>";
		};
		FD88684D24A4D4580013BD57 /* SearchUser */ = {
			isa = PBXGroup;
			children = (
				FD88683F24A4D3B20013BD57 /* SearchUser.storyboard */,
				FD88683D24A4D3B20013BD57 /* SearchUserViewController.swift */,
				FD88684E24A4D7430013BD57 /* SearchUserModel.swift */,
			);
			path = SearchUser;
			sourceTree = "<group>";
		};
/* End PBXGroup section */

/* Begin PBXNativeTarget section */
		FD88683524A4D3B20013BD57 /* MVP */ = {
			isa = PBXNativeTarget;
			buildConfigurationList = FD88684A24A4D3BB0013BD57 /* Build configuration list for PBXNativeTarget "MVP" */;
			buildPhases = (
				FD88683224A4D3B20013BD57 /* Sources */,
				FD88683324A4D3B20013BD57 /* Frameworks */,
				FD88683424A4D3B20013BD57 /* Resources */,
			);
			buildRules = (
			);
			dependencies = (
			);
			name = MVP;
			productName = MVP;
			productReference = FD88683624A4D3B20013BD57 /* MVP.app */;
			productType = "com.apple.product-type.application";
		};
/* End PBXNativeTarget section */

/* Begin PBXProject section */
		FD88682E24A4D3B20013BD57 /* Project object */ = {
			isa = PBXProject;
			attributes = {
				LastSwiftUpdateCheck = 1130;
				LastUpgradeCheck = 1130;
				ORGANIZATIONNAME = "Swift-beginners";
				TargetAttributes = {
					FD88683524A4D3B20013BD57 = {
						CreatedOnToolsVersion = 11.3;
					};
				};
			};
			buildConfigurationList = FD88683124A4D3B20013BD57 /* Build configuration list for PBXProject "MVP" */;
			compatibilityVersion = "Xcode 9.3";
			developmentRegion = en;
			hasScannedForEncodings = 0;
			knownRegions = (
				en,
				Base,
			);
			mainGroup = FD88682D24A4D3B20013BD57;
			productRefGroup = FD88683724A4D3B20013BD57 /* Products */;
			projectDirPath = "";
			projectRoot = "";
			targets = (
				FD88683524A4D3B20013BD57 /* MVP */,
			);
		};
/* End PBXProject section */

/* Begin PBXResourcesBuildPhase section */
		FD88683424A4D3B20013BD57 /* Resources */ = {
			isa = PBXResourcesBuildPhase;
			buildActionMask = 2147483647;
			files = (
				FD88684624A4D3BB0013BD57 /* LaunchScreen.storyboard in Resources */,
				FD88684324A4D3BB0013BD57 /* Assets.xcassets in Resources */,
				FD88684124A4D3B20013BD57 /* SearchUser.storyboard in Resources */,
			);
			runOnlyForDeploymentPostprocessing = 0;
		};
/* End PBXResourcesBuildPhase section */

/* Begin PBXSourcesBuildPhase section */
		FD88683224A4D3B20013BD57 /* Sources */ = {
			isa = PBXSourcesBuildPhase;
			buildActionMask = 2147483647;
			files = (
				FD88683E24A4D3B20013BD57 /* SearchUserViewController.swift in Sources */,
				FD88683A24A4D3B20013BD57 /* AppDelegate.swift in Sources */,
				FD88683C24A4D3B20013BD57 /* SceneDelegate.swift in Sources */,
				FD88684F24A4D7430013BD57 /* SearchUserModel.swift in Sources */,
			);
			runOnlyForDeploymentPostprocessing = 0;
		};
/* End PBXSourcesBuildPhase section */

/* Begin PBXVariantGroup section */
		FD88683F24A4D3B20013BD57 /* SearchUser.storyboard */ = {
			isa = PBXVariantGroup;
			children = (
				FD88684024A4D3B20013BD57 /* Base */,
			);
			name = SearchUser.storyboard;
			sourceTree = "<group>";
		};
		FD88684424A4D3BB0013BD57 /* LaunchScreen.storyboard */ = {
			isa = PBXVariantGroup;
			children = (
				FD88684524A4D3BB0013BD57 /* Base */,
			);
			name = LaunchScreen.storyboard;
			sourceTree = "<group>";
		};
/* End PBXVariantGroup section */

/* Begin XCBuildConfiguration section */
		FD88684824A4D3BB0013BD57 /* Debug */ = {
			isa = XCBuildConfiguration;
			buildSettings = {
				ALWAYS_SEARCH_USER_PATHS = NO;
				CLANG_ANALYZER_NONNULL = YES;
				CLANG_ANALYZER_NUMBER_OBJECT_CONVERSION = YES_AGGRESSIVE;
				CLANG_CXX_LANGUAGE_STANDARD = "gnu++14";
				CLANG_CXX_LIBRARY = "libc++";
				CLANG_ENABLE_MODULES = YES;
				CLANG_ENABLE_OBJC_ARC = YES;
				CLANG_ENABLE_OBJC_WEAK = YES;
				CLANG_WARN_BLOCK_CAPTURE_AUTORELEASING = YES;
				CLANG_WARN_BOOL_CONVERSION = YES;
				CLANG_WARN_COMMA = YES;
				CLANG_WARN_CONSTANT_CONVERSION = YES;
				CLANG_WARN_DEPRECATED_OBJC_IMPLEMENTATIONS = YES;
				CLANG_WARN_DIRECT_OBJC_ISA_USAGE = YES_ERROR;
				CLANG_WARN_DOCUMENTATION_COMMENTS = YES;
				CLANG_WARN_EMPTY_BODY = YES;
				CLANG_WARN_ENUM_CONVERSION = YES;
				CLANG_WARN_INFINITE_RECURSION = YES;
				CLANG_WARN_INT_CONVERSION = YES;
				CLANG_WARN_NON_LITERAL_NULL_CONVERSION = YES;
				CLANG_WARN_OBJC_IMPLICIT_RETAIN_SELF = YES;
				CLANG_WARN_OBJC_LITERAL_CONVERSION = YES;
				CLANG_WARN_OBJC_ROOT_CLASS = YES_ERROR;
				CLANG_WARN_RANGE_LOOP_ANALYSIS = YES;
				CLANG_WARN_STRICT_PROTOTYPES = YES;
				CLANG_WARN_SUSPICIOUS_MOVE = YES;
				CLANG_WARN_UNGUARDED_AVAILABILITY = YES_AGGRESSIVE;
				CLANG_WARN_UNREACHABLE_CODE = YES;
				CLANG_WARN__DUPLICATE_METHOD_MATCH = YES;
				COPY_PHASE_STRIP = NO;
				DEBUG_INFORMATION_FORMAT = dwarf;
				ENABLE_STRICT_OBJC_MSGSEND = YES;
				ENABLE_TESTABILITY = YES;
				GCC_C_LANGUAGE_STANDARD = gnu11;
				GCC_DYNAMIC_NO_PIC = NO;
				GCC_NO_COMMON_BLOCKS = YES;
				GCC_OPTIMIZATION_LEVEL = 0;
				GCC_PREPROCESSOR_DEFINITIONS = (
					"DEBUG=1",
					"$(inherited)",
				);
				GCC_WARN_64_TO_32_BIT_CONVERSION = YES;
				GCC_WARN_ABOUT_RETURN_TYPE = YES_ERROR;
				GCC_WARN_UNDECLARED_SELECTOR = YES;
				GCC_WARN_UNINITIALIZED_AUTOS = YES_AGGRESSIVE;
				GCC_WARN_UNUSED_FUNCTION = YES;
				GCC_WARN_UNUSED_VARIABLE = YES;
				IPHONEOS_DEPLOYMENT_TARGET = 13.2;
				MTL_ENABLE_DEBUG_INFO = INCLUDE_SOURCE;
				MTL_FAST_MATH = YES;
				ONLY_ACTIVE_ARCH = YES;
				SDKROOT = iphoneos;
				SWIFT_ACTIVE_COMPILATION_CONDITIONS = DEBUG;
				SWIFT_OPTIMIZATION_LEVEL = "-Onone";
			};
			name = Debug;
		};
		FD88684924A4D3BB0013BD57 /* Release */ = {
			isa = XCBuildConfiguration;
			buildSettings = {
				ALWAYS_SEARCH_USER_PATHS = NO;
				CLANG_ANALYZER_NONNULL = YES;
				CLANG_ANALYZER_NUMBER_OBJECT_CONVERSION = YES_AGGRESSIVE;
				CLANG_CXX_LANGUAGE_STANDARD = "gnu++14";
				CLANG_CXX_LIBRARY = "libc++";
				CLANG_ENABLE_MODULES = YES;
				CLANG_ENABLE_OBJC_ARC = YES;
				CLANG_ENABLE_OBJC_WEAK = YES;
				CLANG_WARN_BLOCK_CAPTURE_AUTORELEASING = YES;
				CLANG_WARN_BOOL_CONVERSION = YES;
				CLANG_WARN_COMMA = YES;
				CLANG_WARN_CONSTANT_CONVERSION = YES;
				CLANG_WARN_DEPRECATED_OBJC_IMPLEMENTATIONS = YES;
				CLANG_WARN_DIRECT_OBJC_ISA_USAGE = YES_ERROR;
				CLANG_WARN_DOCUMENTATION_COMMENTS = YES;
				CLANG_WARN_EMPTY_BODY = YES;
				CLANG_WARN_ENUM_CONVERSION = YES;
				CLANG_WARN_INFINITE_RECURSION = YES;
				CLANG_WARN_INT_CONVERSION = YES;
				CLANG_WARN_NON_LITERAL_NULL_CONVERSION = YES;
				CLANG_WARN_OBJC_IMPLICIT_RETAIN_SELF = YES;
				CLANG_WARN_OBJC_LITERAL_CONVERSION = YES;
				CLANG_WARN_OBJC_ROOT_CLASS = YES_ERROR;
				CLANG_WARN_RANGE_LOOP_ANALYSIS = YES;
				CLANG_WARN_STRICT_PROTOTYPES = YES;
				CLANG_WARN_SUSPICIOUS_MOVE = YES;
				CLANG_WARN_UNGUARDED_AVAILABILITY = YES_AGGRESSIVE;
				CLANG_WARN_UNREACHABLE_CODE = YES;
				CLANG_WARN__DUPLICATE_METHOD_MATCH = YES;
				COPY_PHASE_STRIP = NO;
				DEBUG_INFORMATION_FORMAT = "dwarf-with-dsym";
				ENABLE_NS_ASSERTIONS = NO;
				ENABLE_STRICT_OBJC_MSGSEND = YES;
				GCC_C_LANGUAGE_STANDARD = gnu11;
				GCC_NO_COMMON_BLOCKS = YES;
				GCC_WARN_64_TO_32_BIT_CONVERSION = YES;
				GCC_WARN_ABOUT_RETURN_TYPE = YES_ERROR;
				GCC_WARN_UNDECLARED_SELECTOR = YES;
				GCC_WARN_UNINITIALIZED_AUTOS = YES_AGGRESSIVE;
				GCC_WARN_UNUSED_FUNCTION = YES;
				GCC_WARN_UNUSED_VARIABLE = YES;
				IPHONEOS_DEPLOYMENT_TARGET = 13.2;
				MTL_ENABLE_DEBUG_INFO = NO;
				MTL_FAST_MATH = YES;
				SDKROOT = iphoneos;
				SWIFT_COMPILATION_MODE = wholemodule;
				SWIFT_OPTIMIZATION_LEVEL = "-O";
				VALIDATE_PRODUCT = YES;
			};
			name = Release;
		};
		FD88684B24A4D3BB0013BD57 /* Debug */ = {
			isa = XCBuildConfiguration;
			buildSettings = {
				ASSETCATALOG_COMPILER_APPICON_NAME = AppIcon;
				CODE_SIGN_STYLE = Automatic;
				DEVELOPMENT_TEAM = 8DJ3WL36QU;
				INFOPLIST_FILE = MVP/Info.plist;
				LD_RUNPATH_SEARCH_PATHS = (
					"$(inherited)",
					"@executable_path/Frameworks",
				);
				PRODUCT_BUNDLE_IDENTIFIER = "Swift-beginners2.MVP";
				PRODUCT_NAME = "$(TARGET_NAME)";
				SWIFT_VERSION = 5.0;
				TARGETED_DEVICE_FAMILY = "1,2";
			};
			name = Debug;
		};
		FD88684C24A4D3BB0013BD57 /* Release */ = {
			isa = XCBuildConfiguration;
			buildSettings = {
				ASSETCATALOG_COMPILER_APPICON_NAME = AppIcon;
				CODE_SIGN_STYLE = Automatic;
				DEVELOPMENT_TEAM = 8DJ3WL36QU;
				INFOPLIST_FILE = MVP/Info.plist;
				LD_RUNPATH_SEARCH_PATHS = (
					"$(inherited)",
					"@executable_path/Frameworks",
				);
				PRODUCT_BUNDLE_IDENTIFIER = "Swift-beginners2.MVP";
				PRODUCT_NAME = "$(TARGET_NAME)";
				SWIFT_VERSION = 5.0;
				TARGETED_DEVICE_FAMILY = "1,2";
			};
			name = Release;
		};
/* End XCBuildConfiguration section */

/* Begin XCConfigurationList section */
		FD88683124A4D3B20013BD57 /* Build configuration list for PBXProject "MVP" */ = {
			isa = XCConfigurationList;
			buildConfigurations = (
				FD88684824A4D3BB0013BD57 /* Debug */,
				FD88684924A4D3BB0013BD57 /* Release */,
			);
			defaultConfigurationIsVisible = 0;
			defaultConfigurationName = Release;
		};
		FD88684A24A4D3BB0013BD57 /* Build configuration list for PBXNativeTarget "MVP" */ = {
			isa = XCConfigurationList;
			buildConfigurations = (
				FD88684B24A4D3BB0013BD57 /* Debug */,
				FD88684C24A4D3BB0013BD57 /* Release */,
			);
			defaultConfigurationIsVisible = 0;
			defaultConfigurationName = Release;
		};
/* End XCConfigurationList section */
	};
	rootObject = FD88682E24A4D3B20013BD57 /* Project object */;
}
